
Microsoft Visual Studio Solution File, Format Version 12.00
# Visual Studio Version 16
VisualStudioVersion = 16.0.31515.178
MinimumVisualStudioVersion = 10.0.40219.1
Project("{FAE04EC0-301F-11D3-BF4B-00C04F79EFBC}") = "Azure_Pipeline", "Azure_Pipeline\Azure_Pipeline.csproj", "{9B4BFEE8-AE93-4BC3-B010-AA4A774247EB}"
EndProject
Global
	GlobalSection(SolutionConfigurationPlatforms) = preSolution
		Debug|Any CPU = Debug|Any CPU
		Release|Any CPU = Release|Any CPU
	EndGlobalSection
	GlobalSection(ProjectConfigurationPlatforms) = postSolution
		{9B4BFEE8-AE93-4BC3-B010-AA4A774247EB}.Debug|Any CPU.ActiveCfg = Debug|Any CPU
		{9B4BFEE8-AE93-4BC3-B010-AA4A774247EB}.Debug|Any CPU.Build.0 = Debug|Any CPU
		{9B4BFEE8-AE93-4BC3-B010-AA4A774247EB}.Release|Any CPU.ActiveCfg = Release|Any CPU
		{9B4BFEE8-AE93-4BC3-B010-AA4A774247EB}.Release|Any CPU.Build.0 = Release|Any CPU
	EndGlobalSection
	GlobalSection(SolutionProperties) = preSolution
		HideSolutionNode = FALSE
	EndGlobalSection
	GlobalSection(ExtensibilityGlobals) = postSolution
		SolutionGuid = {772E6A21-959D-449A-9EB7-FCDE2D9C74FD}
	EndGlobalSection
EndGlobal
